
Microsoft Visual Studio Solution File, Format Version 12.00
# Visual Studio Version 16
VisualStudioVersion = 16.0.29905.134
MinimumVisualStudioVersion = 10.0.40219.1
Project("{F184B08F-C81C-45F6-A57F-5ABD9991F28F}") = "WindowsApp1", "WindowsApp1\WindowsApp1.vbproj", "{96A1BEB3-CDF6-4B10-B36D-43DBCDD52DC9}"
EndProject
Global
	GlobalSection(SolutionConfigurationPlatforms) = preSolution
		Debug|Any CPU = Debug|Any CPU
		Release|Any CPU = Release|Any CPU
	EndGlobalSection
	GlobalSection(ProjectConfigurationPlatforms) = postSolution
		{96A1BEB3-CDF6-4B10-B36D-43DBCDD52DC9}.Debug|Any CPU.ActiveCfg = Debug|Any CPU
		{96A1BEB3-CDF6-4B10-B36D-43DBCDD52DC9}.Debug|Any CPU.Build.0 = Debug|Any CPU
		{96A1BEB3-CDF6-4B10-B36D-43DBCDD52DC9}.Release|Any CPU.ActiveCfg = Release|Any CPU
		{96A1BEB3-CDF6-4B10-B36D-43DBCDD52DC9}.Release|Any CPU.Build.0 = Release|Any CPU
	EndGlobalSection
	GlobalSection(SolutionProperties) = preSolution
		HideSolutionNode = FALSE
	EndGlobalSection
	GlobalSection(ExtensibilityGlobals) = postSolution
		SolutionGuid = {F463CCF7-0595-4009-BF80-022E3816B753}
	EndGlobalSection
EndGlobal
